{
  "files": {
    ".editorconfig": "27f0a420340998f882c86c46436e722cf924be3d81e96d23ddca9a182f24175c",
    ".github/PULL_REQUEST_TEMPLATE.md": "8582cf583c3af1f61aa9e2f5214616e66b151470a9b61e211f4b03d257b57da6",
    "packaging/bottle-block.py": "f177e14d16ec56bdae29b2f6f07bc5df186b2e1fc303bb40e3f2b290446c0cc6",
    "packaging/build-bottles.sh": "4e493e6c13fb30cffba1225cd44092e9cb13bf893cbd2a0003c3487e1c6398f5",
    "packaging/changelog-section.sh": "acacfbeca5807ef8e886e7692e5c75c5e60348e0d3f90303cf080eddef59b301",
    "packaging/check-doc-links.py": "44c9b053672d2b2c73379205490ba9ff61f06b48c3acc85de9c1a2057d27038d",
    "packaging/check-gitignore-base.py": "2a7a5e2f770d8879c43a32f8d9901eb54f0ebe6f3107a0b17318fed1b5563141",
    "packaging/check-glibc-floor.py": "7179de8c55695ffd52e46ee71fe69d1683869c123d5e8dc05421ebf2fee9cc63",
    "packaging/check-mirror-ci.sh": "e762a08d1a2486cc7e9f485a6648991931ead65b15b539b47fb4603607e53c53",
    "packaging/check-rc-install-matrix.sh": "9291d1c489bc729efdffaa3337c01da984343e5ab9eda261bc16642d83b1b999",
    "packaging/check-standard-sync.py": "80a42b514811cf69b9493ebee035a68199f0c117732be9d01457faccc48ef4f4",
    "packaging/dependency-bumps.sh": "f8d0ee53297e7e257d709b3a7e9e5fc402e7dc8a2e4c8ec76235025a97a93472",
    "packaging/entitlements.plist": "7d4b164998eb6084488799c470d3b7b3d7e01fc3071eedadd00dc4374f56a5c1",
    "packaging/fetch-release-assets.sh": "7ea0d08b74e777db0deac090b8f59da4a5dd0a6d3b4a1935202aaf83432d728b",
    "packaging/forgejo-release.sh": "dc5e96e22d9f4de7750353fc2fc7610341c99ff7be3160eeea32f9017c81114c",
    "packaging/github-release.sh": "f9ce4ed630e24c3c9e43f65240b14757d3282628c8e2d82c610be4a9fb1df93c",
    "packaging/gitignore.base": "f87bec1f6d1ec56ea3678d45920689ac26c7c3a737316a22570121dadac9a9ac",
    "packaging/glibc-floor.txt": "19665c22e6e4f27b0b855ba2bf5873d4619ee970fcb76bcc4fc1f25384e7cea9",
    "packaging/next-version.sh": "56c3a240d250e26bc09c7b7a4af4f2946e5f3ec454d43bd438c046c6572f44f8",
    "packaging/promote-changelog.sh": "c70413841343bad7417417ee6335e39edba4d4f809e334eec221534f7f64fe05",
    "packaging/prune-rcs.sh": "55d52c9aed3888c242fff269828655a047775bcdc33cbef99a94714041aa8aaa",
    "packaging/publish-registry.sh": "0b79b9976f3a2b77c0ad59153806ab33f734ab10e3c4bd5e1fdaea15bf97d76e",
    "packaging/push-tag.sh": "6c96c7e59160ce3a562ba3d0dfafaf8a6b992bf6bb5156911a2cd82912340dd0",
    "packaging/reconcile-releases.sh": "d41f41546138327a028420544cf59951609698f21b92175b38c1b797c2b9ba0e",
    "packaging/release-common.sh": "767a7e7484f3e7f1289ff87c60a461ca374c2364b064ea37523f614bc8f744f3",
    "packaging/render-formula.sh": "688b6838aedf4d87ab66d166a4eee0c7c88e505fa8dac06d74e782ed74638ae9",
    "packaging/retry.sh": "ab6b80e9509d8c07fb983d91c8f7ec5e3be3dad3ab032a5e5fae9ce7d36f479b",
    "packaging/revendor-standard.sh": "32c93eeea1a08fdea43149456d6a1efde8834a721b2e98c9d7a1004fd454036a",
    "packaging/shellcheck-all.sh": "14c87d497082a8982044c61c09207845b010e8a5a6f5eecca657cc4c68677c5d",
    "packaging/sisyphusmd-signing-key.asc": "739991cf1057257f55168c9e898f219d46134e86df804f3136205e5f3a5f2c54",
    "packaging/stamp_common.py": "193824c3c314239432d9648c7f1c98c9ceafebbaa9ffba30806ea39d41b6f701",
    "packaging/triage-infra-failure.py": "d89fbad38ac887bd1a88c4fa3414d25ee3d89d435b4ab760779817ce0499bc51",
    "packaging/update-tap.sh": "365e6a46b674add182b3113bb5e949babf1931145ff1f8af19381be08e236971",
    "packaging/wait-for-pypi.sh": "00e3b723203d1522be3050066d5752932962299b748fa37f3ecafe4f1f5aa000",
    "tests/release/mirror-ci.sh": "7ab441ab71e6b02ed137494ac17f5bb31ec8bcbd134ca6d1c6e48e2c54f69796",
    "tests/release/prune-rcs.sh": "c07166f92aa23940e0eba130502135606e1b882a698e6f56f61d4252ed7784d5",
    "tests/release/release-scripts.sh": "6a11484fbc47283b75e58c1cadea3834682b88d9936e79889241e3238ada72bf"
  },
  "source_commit": "eef1843246c45c9fade0c20c0200325994779824",
  "source_repo": "SisyphusMD/project-standard",
  "source_tag": "v0.1.22"
}
